{
  "name": "backend",
  "lockfileVersion": 3,
  "requires": true,
  "packages": {
    "": {
      "name": "backend",
      "dependencies": {
        "@elysiajs/cors": "^1.2.0",
        "@elysiajs/swagger": "^1.2.2",
        "@pythnetwork/pyth-sdk-solidity": "^4.0.0",
        "axios": "^1.8.2",
        "elysia": "^1.2.22",
        "form-data": "^4.0.2",
        "mongoose": "^8.11.0",
        "viem": "^2.23.5"
      },
      "devDependencies": {
        "@types/bun": "latest"
      },
      "peerDependencies": {
        "typescript": "^5.0.0"
      }
    },
    "node_modules/@adraffy/ens-normalize": {
      "version": "1.11.0",
      "license": "MIT"
    },
    "node_modules/@elysiajs/cors": {
      "version": "1.2.0",
      "license": "MIT",
      "peerDependencies": {
        "elysia": ">= 1.2.0"
      }
    },
    "node_modules/@elysiajs/swagger": {
      "version": "1.2.2",
      "license": "MIT",
      "dependencies": {
        "@scalar/themes": "^0.9.52",
        "@scalar/types": "^0.0.12",
        "openapi-types": "^12.1.3",
        "pathe": "^1.1.2"
      },
      "peerDependencies": {
        "elysia": ">= 1.2.0"
      }
    },
    "node_modules/@mongodb-js/saslprep": {
      "version": "1.2.0",
      "license": "MIT",
      "dependencies": {
        "sparse-bitfield": "^3.0.3"
      }
    },
    "node_modules/@noble/curves": {
      "version": "1.8.1",
      "license": "MIT",
      "dependencies": {
        "@noble/hashes": "1.7.1"
      },
      "engines": {
        "node": "^14.21.3 || >=16"
      },
      "funding": {
        "url": "https://paulmillr.com/funding/"
      }
    },
    "node_modules/@noble/hashes": {
      "version": "1.7.1",
      "license": "MIT",
      "engines": {
        "node": "^14.21.3 || >=16"
      },
      "funding": {
        "url": "https://paulmillr.com/funding/"
      }
    },
    "node_modules/@pythnetwork/pyth-sdk-solidity": {
      "version": "4.0.0",
      "resolved": "https://registry.npmjs.org/@pythnetwork/pyth-sdk-solidity/-/pyth-sdk-solidity-4.0.0.tgz",
      "integrity": "sha512-Cy2MvSN1Oh5YpIYmZd2In6/gfXbGjnpazmXKioTuq07Drp4Rl2XHcvtqHdgilplCl32IG4pU+XoRafpexID08A=="
    },
    "node_modules/@scalar/openapi-types": {
      "version": "0.1.1",
      "license": "MIT",
      "engines": {
        "node": ">=18"
      }
    },
    "node_modules/@scalar/themes": {
      "version": "0.9.74",
      "license": "MIT",
      "dependencies": {
        "@scalar/types": "0.0.39"
      },
      "engines": {
        "node": ">=18"
      }
    },
    "node_modules/@scalar/themes/node_modules/@scalar/types": {
      "version": "0.0.39",
      "license": "MIT",
      "dependencies": {
        "@scalar/openapi-types": "0.1.9",
        "@unhead/schema": "^1.11.11",
        "zod": "^3.23.8"
      },
      "engines": {
        "node": ">=18"
      }
    },
    "node_modules/@scalar/themes/node_modules/@scalar/types/node_modules/@scalar/openapi-types": {
      "version": "0.1.9",
      "license": "MIT",
      "engines": {
        "node": ">=18"
      }
    },
    "node_modules/@scalar/types": {
      "version": "0.0.12",
      "license": "MIT",
      "dependencies": {
        "@scalar/openapi-types": "0.1.1",
        "@unhead/schema": "^1.9.5"
      },
      "engines": {
        "node": ">=18"
      }
    },
    "node_modules/@scure/base": {
      "version": "1.2.4",
      "license": "MIT",
      "funding": {
        "url": "https://paulmillr.com/funding/"
      }
    },
    "node_modules/@scure/bip32": {
      "version": "1.6.2",
      "license": "MIT",
      "dependencies": {
        "@noble/curves": "~1.8.1",
        "@noble/hashes": "~1.7.1",
        "@scure/base": "~1.2.2"
      },
      "funding": {
        "url": "https://paulmillr.com/funding/"
      }
    },
    "node_modules/@scure/bip39": {
      "version": "1.5.4",
      "license": "MIT",
      "dependencies": {
        "@noble/hashes": "~1.7.1",
        "@scure/base": "~1.2.4"
      },
      "funding": {
        "url": "https://paulmillr.com/funding/"
      }
    },
    "node_modules/@sinclair/typebox": {
      "version": "0.34.28",
      "license": "MIT"
    },
    "node_modules/@types/bun": {
      "version": "1.2.4",
      "resolved": "https://registry.npmjs.org/@types/bun/-/bun-1.2.4.tgz",
      "integrity": "sha512-QtuV5OMR8/rdKJs213iwXDpfVvnskPXY/S0ZiFbsTjQZycuqPbMW8Gf/XhLfwE5njW8sxI2WjISURXPlHypMFA==",
      "dev": true,
      "dependencies": {
        "bun-types": "1.2.4"
      }
    },
    "node_modules/@types/node": {
      "version": "22.13.10",
      "resolved": "https://registry.npmjs.org/@types/node/-/node-22.13.10.tgz",
      "integrity": "sha512-I6LPUvlRH+O6VRUqYOcMudhaIdUVWfsjnZavnsraHvpBwaEyMN29ry+0UVJhImYL16xsscu0aske3yA+uPOWfw==",
      "dev": true,
      "dependencies": {
        "undici-types": "~6.20.0"
      }
    },
    "node_modules/@types/webidl-conversions": {
      "version": "7.0.3",
      "license": "MIT"
    },
    "node_modules/@types/whatwg-url": {
      "version": "11.0.5",
      "license": "MIT",
      "dependencies": {
        "@types/webidl-conversions": "*"
      }
    },
    "node_modules/@types/ws": {
      "version": "8.5.14",
      "resolved": "https://registry.npmjs.org/@types/ws/-/ws-8.5.14.tgz",
      "integrity": "sha512-bd/YFLW+URhBzMXurx7lWByOu+xzU9+kb3RboOteXYDfW+tr+JZa99OyNmPINEGB/ahzKrEuc8rcv4gnpJmxTw==",
      "dev": true,
      "dependencies": {
        "@types/node": "*"
      }
    },
    "node_modules/@unhead/schema": {
      "version": "1.11.20",
      "license": "MIT",
      "dependencies": {
        "hookable": "^5.5.3",
        "zhead": "^2.2.4"
      },
      "funding": {
        "url": "https://github.com/sponsors/harlan-zw"
      }
    },
    "node_modules/abitype": {
      "version": "1.0.8",
      "license": "MIT",
      "funding": {
        "url": "https://github.com/sponsors/wevm"
      },
      "peerDependencies": {
        "typescript": ">=5.0.4",
        "zod": "^3 >=3.22.0"
      },
      "peerDependenciesMeta": {
        "typescript": {
          "optional": true
        },
        "zod": {
          "optional": true
        }
      }
    },
    "node_modules/asynckit": {
      "version": "0.4.0",
      "license": "MIT"
    },
    "node_modules/axios": {
      "version": "1.8.2",
      "license": "MIT",
      "dependencies": {
        "follow-redirects": "^1.15.6",
        "form-data": "^4.0.0",
        "proxy-from-env": "^1.1.0"
      }
    },
    "node_modules/bson": {
      "version": "6.10.3",
      "license": "Apache-2.0",
      "engines": {
        "node": ">=16.20.1"
      }
    },
    "node_modules/bun-types": {
      "version": "1.2.4",
      "resolved": "https://registry.npmjs.org/bun-types/-/bun-types-1.2.4.tgz",
      "integrity": "sha512-nDPymR207ZZEoWD4AavvEaa/KZe/qlrbMSchqpQwovPZCKc7pwMoENjEtHgMKaAjJhy+x6vfqSBA1QU3bJgs0Q==",
      "dev": true,
      "dependencies": {
        "@types/node": "*",
        "@types/ws": "~8.5.10"
      }
    },
    "node_modules/call-bind-apply-helpers": {
      "version": "1.0.2",
      "license": "MIT",
      "dependencies": {
        "es-errors": "^1.3.0",
        "function-bind": "^1.1.2"
      },
      "engines": {
        "node": ">= 0.4"
      }
    },
    "node_modules/combined-stream": {
      "version": "1.0.8",
      "license": "MIT",
      "dependencies": {
        "delayed-stream": "~1.0.0"
      },
      "engines": {
        "node": ">= 0.8"
      }
    },
    "node_modules/cookie": {
      "version": "1.0.2",
      "license": "MIT",
      "engines": {
        "node": ">=18"
      }
    },
    "node_modules/debug": {
      "version": "4.4.0",
      "license": "MIT",
      "dependencies": {
        "ms": "^2.1.3"
      },
      "engines": {
        "node": ">=6.0"
      },
      "peerDependenciesMeta": {
        "supports-color": {
          "optional": true
        }
      }
    },
    "node_modules/delayed-stream": {
      "version": "1.0.0",
      "license": "MIT",
      "engines": {
        "node": ">=0.4.0"
      }
    },
    "node_modules/dunder-proto": {
      "version": "1.0.1",
      "license": "MIT",
      "dependencies": {
        "call-bind-apply-helpers": "^1.0.1",
        "es-errors": "^1.3.0",
        "gopd": "^1.2.0"
      },
      "engines": {
        "node": ">= 0.4"
      }
    },
    "node_modules/elysia": {
      "version": "1.2.22",
      "license": "MIT",
      "dependencies": {
        "@sinclair/typebox": "^0.34.27",
        "cookie": "^1.0.2",
        "memoirist": "^0.3.0",
        "openapi-types": "^12.1.3"
      },
      "peerDependencies": {
        "@sinclair/typebox": ">= 0.34.0",
        "openapi-types": ">= 12.0.0",
        "typescript": ">= 5.0.0"
      },
      "peerDependenciesMeta": {
        "openapi-types": {
          "optional": true
        },
        "typescript": {
          "optional": true
        }
      }
    },
    "node_modules/es-define-property": {
      "version": "1.0.1",
      "license": "MIT",
      "engines": {
        "node": ">= 0.4"
      }
    },
    "node_modules/es-errors": {
      "version": "1.3.0",
      "license": "MIT",
      "engines": {
        "node": ">= 0.4"
      }
    },
    "node_modules/es-object-atoms": {
      "version": "1.1.1",
      "license": "MIT",
      "dependencies": {
        "es-errors": "^1.3.0"
      },
      "engines": {
        "node": ">= 0.4"
      }
    },
    "node_modules/es-set-tostringtag": {
      "version": "2.1.0",
      "license": "MIT",
      "dependencies": {
        "es-errors": "^1.3.0",
        "get-intrinsic": "^1.2.6",
        "has-tostringtag": "^1.0.2",
        "hasown": "^2.0.2"
      },
      "engines": {
        "node": ">= 0.4"
      }
    },
    "node_modules/eventemitter3": {
      "version": "5.0.1",
      "license": "MIT"
    },
    "node_modules/follow-redirects": {
      "version": "1.15.9",
      "funding": [
        {
          "type": "individual",
          "url": "https://github.com/sponsors/RubenVerborgh"
        }
      ],
      "license": "MIT",
      "engines": {
        "node": ">=4.0"
      },
      "peerDependenciesMeta": {
        "debug": {
          "optional": true
        }
      }
    },
    "node_modules/form-data": {
      "version": "4.0.2",
      "license": "MIT",
      "dependencies": {
        "asynckit": "^0.4.0",
        "combined-stream": "^1.0.8",
        "es-set-tostringtag": "^2.1.0",
        "mime-types": "^2.1.12"
      },
      "engines": {
        "node": ">= 6"
      }
    },
    "node_modules/function-bind": {
      "version": "1.1.2",
      "license": "MIT",
      "funding": {
        "url": "https://github.com/sponsors/ljharb"
      }
    },
    "node_modules/get-intrinsic": {
      "version": "1.3.0",
      "license": "MIT",
      "dependencies": {
        "call-bind-apply-helpers": "^1.0.2",
        "es-define-property": "^1.0.1",
        "es-errors": "^1.3.0",
        "es-object-atoms": "^1.1.1",
        "function-bind": "^1.1.2",
        "get-proto": "^1.0.1",
        "gopd": "^1.2.0",
        "has-symbols": "^1.1.0",
        "hasown": "^2.0.2",
        "math-intrinsics": "^1.1.0"
      },
      "engines": {
        "node": ">= 0.4"
      },
      "funding": {
        "url": "https://github.com/sponsors/ljharb"
      }
    },
    "node_modules/get-proto": {
      "version": "1.0.1",
      "license": "MIT",
      "dependencies": {
        "dunder-proto": "^1.0.1",
        "es-object-atoms": "^1.0.0"
      },
      "engines": {
        "node": ">= 0.4"
      }
    },
    "node_modules/gopd": {
      "version": "1.2.0",
      "license": "MIT",
      "engines": {
        "node": ">= 0.4"
      },
      "funding": {
        "url": "https://github.com/sponsors/ljharb"
      }
    },
    "node_modules/has-symbols": {
      "version": "1.1.0",
      "license": "MIT",
      "engines": {
        "node": ">= 0.4"
      },
      "funding": {
        "url": "https://github.com/sponsors/ljharb"
      }
    },
    "node_modules/has-tostringtag": {
      "version": "1.0.2",
      "license": "MIT",
      "dependencies": {
        "has-symbols": "^1.0.3"
      },
      "engines": {
        "node": ">= 0.4"
      },
      "funding": {
        "url": "https://github.com/sponsors/ljharb"
      }
    },
    "node_modules/hasown": {
      "version": "2.0.2",
      "license": "MIT",
      "dependencies": {
        "function-bind": "^1.1.2"
      },
      "engines": {
        "node": ">= 0.4"
      }
    },
    "node_modules/hookable": {
      "version": "5.5.3",
      "license": "MIT"
    },
    "node_modules/isows": {
      "version": "1.0.6",
      "funding": [
        {
          "type": "github",
          "url": "https://github.com/sponsors/wevm"
        }
      ],
      "license": "MIT",
      "peerDependencies": {
        "ws": "*"
      }
    },
    "node_modules/kareem": {
      "version": "2.6.3",
      "license": "Apache-2.0",
      "engines": {
        "node": ">=12.0.0"
      }
    },
    "node_modules/math-intrinsics": {
      "version": "1.1.0",
      "license": "MIT",
      "engines": {
        "node": ">= 0.4"
      }
    },
    "node_modules/memoirist": {
      "version": "0.3.0",
      "license": "MIT"
    },
    "node_modules/memory-pager": {
      "version": "1.5.0",
      "license": "MIT"
    },
    "node_modules/mime-db": {
      "version": "1.52.0",
      "license": "MIT",
      "engines": {
        "node": ">= 0.6"
      }
    },
    "node_modules/mime-types": {
      "version": "2.1.35",
      "license": "MIT",
      "dependencies": {
        "mime-db": "1.52.0"
      },
      "engines": {
        "node": ">= 0.6"
      }
    },
    "node_modules/mongodb": {
      "version": "6.13.1",
      "license": "Apache-2.0",
      "dependencies": {
        "@mongodb-js/saslprep": "^1.1.9",
        "bson": "^6.10.3",
        "mongodb-connection-string-url": "^3.0.0"
      },
      "engines": {
        "node": ">=16.20.1"
      },
      "peerDependencies": {
        "@aws-sdk/credential-providers": "^3.632.0",
        "@mongodb-js/zstd": "^1.1.0 || ^2.0.0",
        "gcp-metadata": "^5.2.0",
        "kerberos": "^2.0.1",
        "mongodb-client-encryption": ">=6.0.0 <7",
        "snappy": "^7.2.2",
        "socks": "^2.7.1"
      },
      "peerDependenciesMeta": {
        "@aws-sdk/credential-providers": {
          "optional": true
        },
        "@mongodb-js/zstd": {
          "optional": true
        },
        "gcp-metadata": {
          "optional": true
        },
        "kerberos": {
          "optional": true
        },
        "mongodb-client-encryption": {
          "optional": true
        },
        "snappy": {
          "optional": true
        },
        "socks": {
          "optional": true
        }
      }
    },
    "node_modules/mongodb-connection-string-url": {
      "version": "3.0.2",
      "license": "Apache-2.0",
      "dependencies": {
        "@types/whatwg-url": "^11.0.2",
        "whatwg-url": "^14.1.0 || ^13.0.0"
      }
    },
    "node_modules/mongoose": {
      "version": "8.11.0",
      "license": "MIT",
      "dependencies": {
        "bson": "^6.10.1",
        "kareem": "2.6.3",
        "mongodb": "~6.13.0",
        "mpath": "0.9.0",
        "mquery": "5.0.0",
        "ms": "2.1.3",
        "sift": "17.1.3"
      },
      "engines": {
        "node": ">=16.20.1"
      },
      "funding": {
        "type": "opencollective",
        "url": "https://opencollective.com/mongoose"
      }
    },
    "node_modules/mpath": {
      "version": "0.9.0",
      "license": "MIT",
      "engines": {
        "node": ">=4.0.0"
      }
    },
    "node_modules/mquery": {
      "version": "5.0.0",
      "license": "MIT",
      "dependencies": {
        "debug": "4.x"
      },
      "engines": {
        "node": ">=14.0.0"
      }
    },
    "node_modules/ms": {
      "version": "2.1.3",
      "license": "MIT"
    },
    "node_modules/openapi-types": {
      "version": "12.1.3",
      "license": "MIT"
    },
    "node_modules/ox": {
      "version": "0.6.7",
      "funding": [
        {
          "type": "github",
          "url": "https://github.com/sponsors/wevm"
        }
      ],
      "license": "MIT",
      "dependencies": {
        "@adraffy/ens-normalize": "^1.10.1",
        "@noble/curves": "^1.6.0",
        "@noble/hashes": "^1.5.0",
        "@scure/bip32": "^1.5.0",
        "@scure/bip39": "^1.4.0",
        "abitype": "^1.0.6",
        "eventemitter3": "5.0.1"
      },
      "peerDependencies": {
        "typescript": ">=5.4.0"
      },
      "peerDependenciesMeta": {
        "typescript": {
          "optional": true
        }
      }
    },
    "node_modules/pathe": {
      "version": "1.1.2",
      "license": "MIT"
    },
    "node_modules/proxy-from-env": {
      "version": "1.1.0",
      "license": "MIT"
    },
    "node_modules/punycode": {
      "version": "2.3.1",
      "license": "MIT",
      "engines": {
        "node": ">=6"
      }
    },
    "node_modules/sift": {
      "version": "17.1.3",
      "license": "MIT"
    },
    "node_modules/sparse-bitfield": {
      "version": "3.0.3",
      "license": "MIT",
      "dependencies": {
        "memory-pager": "^1.0.2"
      }
    },
    "node_modules/tr46": {
      "version": "5.0.0",
      "license": "MIT",
      "dependencies": {
        "punycode": "^2.3.1"
      },
      "engines": {
        "node": ">=18"
      }
    },
    "node_modules/typescript": {
      "version": "5.7.3",
      "license": "Apache-2.0",
      "peer": true,
      "bin": {
        "tsc": "bin/tsc",
        "tsserver": "bin/tsserver"
      },
      "engines": {
        "node": ">=14.17"
      }
    },
    "node_modules/undici-types": {
      "version": "6.20.0",
      "resolved": "https://registry.npmjs.org/undici-types/-/undici-types-6.20.0.tgz",
      "integrity": "sha512-Ny6QZ2Nju20vw1SRHe3d9jVu6gJ+4e3+MMpqu7pqE5HT6WsTSlce++GQmK5UXS8mzV8DSYHrQH+Xrf2jVcuKNg==",
      "dev": true
    },
    "node_modules/viem": {
      "version": "2.23.5",
      "funding": [
        {
          "type": "github",
          "url": "https://github.com/sponsors/wevm"
        }
      ],
      "license": "MIT",
      "dependencies": {
        "@noble/curves": "1.8.1",
        "@noble/hashes": "1.7.1",
        "@scure/bip32": "1.6.2",
        "@scure/bip39": "1.5.4",
        "abitype": "1.0.8",
        "isows": "1.0.6",
        "ox": "0.6.7",
        "ws": "8.18.0"
      },
      "peerDependencies": {
        "typescript": ">=5.0.4"
      },
      "peerDependenciesMeta": {
        "typescript": {
          "optional": true
        }
      }
    },
    "node_modules/webidl-conversions": {
      "version": "7.0.0",
      "license": "BSD-2-Clause",
      "engines": {
        "node": ">=12"
      }
    },
    "node_modules/whatwg-url": {
      "version": "14.1.1",
      "license": "MIT",
      "dependencies": {
        "tr46": "^5.0.0",
        "webidl-conversions": "^7.0.0"
      },
      "engines": {
        "node": ">=18"
      }
    },
    "node_modules/ws": {
      "version": "8.18.0",
      "license": "MIT",
      "engines": {
        "node": ">=10.0.0"
      },
      "peerDependencies": {
        "bufferutil": "^4.0.1",
        "utf-8-validate": ">=5.0.2"
      },
      "peerDependenciesMeta": {
        "bufferutil": {
          "optional": true
        },
        "utf-8-validate": {
          "optional": true
        }
      }
    },
    "node_modules/zhead": {
      "version": "2.2.4",
      "license": "MIT",
      "funding": {
        "url": "https://github.com/sponsors/harlan-zw"
      }
    },
    "node_modules/zod": {
      "version": "3.24.2",
      "license": "MIT",
      "funding": {
        "url": "https://github.com/sponsors/colinhacks"
      }
    }
  }
}
